# This file is automatically @generated by Cargo.
# It is not intended for manual editing.
version = 3

[[package]]
name = "program-add"
version = "0.1.0"

[[package]]
name = "program-box"
version = "0.1.0"

[[package]]
name = "program-hello"
version = "0.1.0"

[[package]]
name = "program-log"
version = "0.1.0"

[[package]]
name = "wasm_bin"
version = "0.1.0"

[[package]]
name = "wasm_text"
version = "0.1.0"
